// !$*UTF8*$!
{
	archiveVersion = 1;
	classes = {
	};
	objectVersion = 56;
	objects = {

/* Begin PBXBuildFile section */
		383EEE852CF73AA500037FAF /* Ebuddy_TestApp.swift in Sources */ = {isa = PBXBuildFile; fileRef = 383EEE842CF73AA500037FAF /* Ebuddy_TestApp.swift */; };
		383EEE872CF73AA500037FAF /* ContentView.swift in Sources */ = {isa = PBXBuildFile; fileRef = 383EEE862CF73AA500037FAF /* ContentView.swift */; };
		383EEE892CF73AA700037FAF /* Assets.xcassets in Resources */ = {isa = PBXBuildFile; fileRef = 383EEE882CF73AA700037FAF /* Assets.xcassets */; };
		383EEE8C2CF73AA700037FAF /* Preview Assets.xcassets in Resources */ = {isa = PBXBuildFile; fileRef = 383EEE8B2CF73AA700037FAF /* Preview Assets.xcassets */; };
		383EEE932CF73B2C00037FAF /* GoogleService-Info.plist in Resources */ = {isa = PBXBuildFile; fileRef = 383EEE922CF73B2C00037FAF /* GoogleService-Info.plist */; };
		3896BFC32CFB34A700DFEFC7 /* FirebaseAuth in Frameworks */ = {isa = PBXBuildFile; productRef = 3896BFC22CFB34A700DFEFC7 /* FirebaseAuth */; };
		3896BFC52CFB34A700DFEFC7 /* FirebaseFirestore in Frameworks */ = {isa = PBXBuildFile; productRef = 3896BFC42CFB34A700DFEFC7 /* FirebaseFirestore */; };
		3896BFC72CFB34A700DFEFC7 /* FirebaseStorage in Frameworks */ = {isa = PBXBuildFile; productRef = 3896BFC62CFB34A700DFEFC7 /* FirebaseStorage */; };
		3896BFCB2CFB3AD600DFEFC7 /* UserJSON.swift in Sources */ = {isa = PBXBuildFile; fileRef = 3896BFCA2CFB3AD600DFEFC7 /* UserJSON.swift */; };
		3896BFD02CFB3D8A00DFEFC7 /* UserService.swift in Sources */ = {isa = PBXBuildFile; fileRef = 3896BFCF2CFB3D8A00DFEFC7 /* UserService.swift */; };
		3896BFD22CFB407C00DFEFC7 /* UsersView.swift in Sources */ = {isa = PBXBuildFile; fileRef = 3896BFD12CFB407C00DFEFC7 /* UsersView.swift */; };
		3896BFD42CFB408500DFEFC7 /* UsersViewModel.swift in Sources */ = {isa = PBXBuildFile; fileRef = 3896BFD32CFB408500DFEFC7 /* UsersViewModel.swift */; };
/* End PBXBuildFile section */

/* Begin PBXFileReference section */
		383EEE812CF73AA500037FAF /* Ebuddy-Test.app */ = {isa = PBXFileReference; explicitFileType = wrapper.application; includeInIndex = 0; path = "Ebuddy-Test.app"; sourceTree = BUILT_PRODUCTS_DIR; };
		383EEE842CF73AA500037FAF /* Ebuddy_TestApp.swift */ = {isa = PBXFileReference; lastKnownFileType = sourcecode.swift; path = Ebuddy_TestApp.swift; sourceTree = "<group>"; };
		383EEE862CF73AA500037FAF /* ContentView.swift */ = {isa = PBXFileReference; lastKnownFileType = sourcecode.swift; path = ContentView.swift; sourceTree = "<group>"; };
		383EEE882CF73AA700037FAF /* Assets.xcassets */ = {isa = PBXFileReference; lastKnownFileType = folder.assetcatalog; path = Assets.xcassets; sourceTree = "<group>"; };
		383EEE8B2CF73AA700037FAF /* Preview Assets.xcassets */ = {isa = PBXFileReference; lastKnownFileType = folder.assetcatalog; path = "Preview Assets.xcassets"; sourceTree = "<group>"; };
		383EEE922CF73B2C00037FAF /* GoogleService-Info.plist */ = {isa = PBXFileReference; fileEncoding = 4; lastKnownFileType = text.plist.xml; name = "GoogleService-Info.plist"; path = "../../Downloads/GoogleService-Info.plist"; sourceTree = "<group>"; };
		3896BFCA2CFB3AD600DFEFC7 /* UserJSON.swift */ = {isa = PBXFileReference; lastKnownFileType = sourcecode.swift; path = UserJSON.swift; sourceTree = "<group>"; };
		3896BFCF2CFB3D8A00DFEFC7 /* UserService.swift */ = {isa = PBXFileReference; lastKnownFileType = sourcecode.swift; path = UserService.swift; sourceTree = "<group>"; };
		3896BFD12CFB407C00DFEFC7 /* UsersView.swift */ = {isa = PBXFileReference; lastKnownFileType = sourcecode.swift; path = UsersView.swift; sourceTree = "<group>"; };
		3896BFD32CFB408500DFEFC7 /* UsersViewModel.swift */ = {isa = PBXFileReference; lastKnownFileType = sourcecode.swift; path = UsersViewModel.swift; sourceTree = "<group>"; };
/* End PBXFileReference section */

/* Begin PBXFrameworksBuildPhase section */
		383EEE7E2CF73AA500037FAF /* Frameworks */ = {
			isa = PBXFrameworksBuildPhase;
			buildActionMask = 2147483647;
			files = (
				3896BFC32CFB34A700DFEFC7 /* FirebaseAuth in Frameworks */,
				3896BFC52CFB34A700DFEFC7 /* FirebaseFirestore in Frameworks */,
				3896BFC72CFB34A700DFEFC7 /* FirebaseStorage in Frameworks */,
			);
			runOnlyForDeploymentPostprocessing = 0;
		};
/* End PBXFrameworksBuildPhase section */

/* Begin PBXGroup section */
		383EEE782CF73AA500037FAF = {
			isa = PBXGroup;
			children = (
				383EEE922CF73B2C00037FAF /* GoogleService-Info.plist */,
				383EEE832CF73AA500037FAF /* Ebuddy-Test */,
				383EEE822CF73AA500037FAF /* Products */,
			);
			sourceTree = "<group>";
		};
		383EEE822CF73AA500037FAF /* Products */ = {
			isa = PBXGroup;
			children = (
				383EEE812CF73AA500037FAF /* Ebuddy-Test.app */,
			);
			name = Products;
			sourceTree = "<group>";
		};
		383EEE832CF73AA500037FAF /* Ebuddy-Test */ = {
			isa = PBXGroup;
			children = (
				3896BFCD2CFB3ADF00DFEFC7 /* App */,
				3896BFCC2CFB3ADA00DFEFC7 /* Service */,
				3896BFCE2CFB3D4A00DFEFC7 /* Presentation */,
				383EEE882CF73AA700037FAF /* Assets.xcassets */,
				383EEE8A2CF73AA700037FAF /* Preview Content */,
			);
			path = "Ebuddy-Test";
			sourceTree = "<group>";
		};
		383EEE8A2CF73AA700037FAF /* Preview Content */ = {
			isa = PBXGroup;
			children = (
				383EEE8B2CF73AA700037FAF /* Preview Assets.xcassets */,
			);
			path = "Preview Content";
			sourceTree = "<group>";
		};
		3896BFCC2CFB3ADA00DFEFC7 /* Service */ = {
			isa = PBXGroup;
			children = (
				3896BFCA2CFB3AD600DFEFC7 /* UserJSON.swift */,
				3896BFCF2CFB3D8A00DFEFC7 /* UserService.swift */,
			);
			path = Service;
			sourceTree = "<group>";
		};
		3896BFCD2CFB3ADF00DFEFC7 /* App */ = {
			isa = PBXGroup;
			children = (
				383EEE842CF73AA500037FAF /* Ebuddy_TestApp.swift */,
				383EEE862CF73AA500037FAF /* ContentView.swift */,
			);
			path = App;
			sourceTree = "<group>";
		};
		3896BFCE2CFB3D4A00DFEFC7 /* Presentation */ = {
			isa = PBXGroup;
			children = (
				3896BFD12CFB407C00DFEFC7 /* UsersView.swift */,
				3896BFD32CFB408500DFEFC7 /* UsersViewModel.swift */,
			);
			path = Presentation;
			sourceTree = "<group>";
		};
/* End PBXGroup section */

/* Begin PBXNativeTarget section */
		383EEE802CF73AA500037FAF /* Ebuddy-Test */ = {
			isa = PBXNativeTarget;
			buildConfigurationList = 383EEE8F2CF73AA700037FAF /* Build configuration list for PBXNativeTarget "Ebuddy-Test" */;
			buildPhases = (
				383EEE7D2CF73AA500037FAF /* Sources */,
				383EEE7E2CF73AA500037FAF /* Frameworks */,
				383EEE7F2CF73AA500037FAF /* Resources */,
			);
			buildRules = (
			);
			dependencies = (
			);
			name = "Ebuddy-Test";
			packageProductDependencies = (
				3896BFC22CFB34A700DFEFC7 /* FirebaseAuth */,
				3896BFC42CFB34A700DFEFC7 /* FirebaseFirestore */,
				3896BFC62CFB34A700DFEFC7 /* FirebaseStorage */,
			);
			productName = "Ebuddy-Test";
			productReference = 383EEE812CF73AA500037FAF /* Ebuddy-Test.app */;
			productType = "com.apple.product-type.application";
		};
/* End PBXNativeTarget section */

/* Begin PBXProject section */
		383EEE792CF73AA500037FAF /* Project object */ = {
			isa = PBXProject;
			attributes = {
				BuildIndependentTargetsInParallel = 1;
				LastSwiftUpdateCheck = 1540;
				LastUpgradeCheck = 1540;
				TargetAttributes = {
					383EEE802CF73AA500037FAF = {
						CreatedOnToolsVersion = 15.4;
					};
				};
			};
			buildConfigurationList = 383EEE7C2CF73AA500037FAF /* Build configuration list for PBXProject "Ebuddy-Test" */;
			compatibilityVersion = "Xcode 14.0";
			developmentRegion = en;
			hasScannedForEncodings = 0;
			knownRegions = (
				en,
				Base,
			);
			mainGroup = 383EEE782CF73AA500037FAF;
			packageReferences = (
				3896BFC12CFB34A700DFEFC7 /* XCRemoteSwiftPackageReference "firebase-ios-sdk" */,
			);
			productRefGroup = 383EEE822CF73AA500037FAF /* Products */;
			projectDirPath = "";
			projectRoot = "";
			targets = (
				383EEE802CF73AA500037FAF /* Ebuddy-Test */,
			);
		};
/* End PBXProject section */

/* Begin PBXResourcesBuildPhase section */
		383EEE7F2CF73AA500037FAF /* Resources */ = {
			isa = PBXResourcesBuildPhase;
			buildActionMask = 2147483647;
			files = (
				383EEE8C2CF73AA700037FAF /* Preview Assets.xcassets in Resources */,
				383EEE892CF73AA700037FAF /* Assets.xcassets in Resources */,
				383EEE932CF73B2C00037FAF /* GoogleService-Info.plist in Resources */,
			);
			runOnlyForDeploymentPostprocessing = 0;
		};
/* End PBXResourcesBuildPhase section */

/* Begin PBXSourcesBuildPhase section */
		383EEE7D2CF73AA500037FAF /* Sources */ = {
			isa = PBXSourcesBuildPhase;
			buildActionMask = 2147483647;
			files = (
				3896BFD22CFB407C00DFEFC7 /* UsersView.swift in Sources */,
				3896BFD42CFB408500DFEFC7 /* UsersViewModel.swift in Sources */,
				383EEE872CF73AA500037FAF /* ContentView.swift in Sources */,
				3896BFD02CFB3D8A00DFEFC7 /* UserService.swift in Sources */,
				383EEE852CF73AA500037FAF /* Ebuddy_TestApp.swift in Sources */,
				3896BFCB2CFB3AD600DFEFC7 /* UserJSON.swift in Sources */,
			);
			runOnlyForDeploymentPostprocessing = 0;
		};
/* End PBXSourcesBuildPhase section */

/* Begin XCBuildConfiguration section */
		383EEE8D2CF73AA700037FAF /* Development */ = {
			isa = XCBuildConfiguration;
			buildSettings = {
				ALWAYS_SEARCH_USER_PATHS = NO;
				ASSETCATALOG_COMPILER_GENERATE_SWIFT_ASSET_SYMBOL_EXTENSIONS = YES;
				CLANG_ANALYZER_NONNULL = YES;
				CLANG_ANALYZER_NUMBER_OBJECT_CONVERSION = YES_AGGRESSIVE;
				CLANG_CXX_LANGUAGE_STANDARD = "gnu++20";
				CLANG_ENABLE_MODULES = YES;
				CLANG_ENABLE_OBJC_ARC = YES;
				CLANG_ENABLE_OBJC_WEAK = YES;
				CLANG_WARN_BLOCK_CAPTURE_AUTORELEASING = YES;
				CLANG_WARN_BOOL_CONVERSION = YES;
				CLANG_WARN_COMMA = YES;
				CLANG_WARN_CONSTANT_CONVERSION = YES;
				CLANG_WARN_DEPRECATED_OBJC_IMPLEMENTATIONS = YES;
				CLANG_WARN_DIRECT_OBJC_ISA_USAGE = YES_ERROR;
				CLANG_WARN_DOCUMENTATION_COMMENTS = YES;
				CLANG_WARN_EMPTY_BODY = YES;
				CLANG_WARN_ENUM_CONVERSION = YES;
				CLANG_WARN_INFINITE_RECURSION = YES;
				CLANG_WARN_INT_CONVERSION = YES;
				CLANG_WARN_NON_LITERAL_NULL_CONVERSION = YES;
				CLANG_WARN_OBJC_IMPLICIT_RETAIN_SELF = YES;
				CLANG_WARN_OBJC_LITERAL_CONVERSION = YES;
				CLANG_WARN_OBJC_ROOT_CLASS = YES_ERROR;
				CLANG_WARN_QUOTED_INCLUDE_IN_FRAMEWORK_HEADER = YES;
				CLANG_WARN_RANGE_LOOP_ANALYSIS = YES;
				CLANG_WARN_STRICT_PROTOTYPES = YES;
				CLANG_WARN_SUSPICIOUS_MOVE = YES;
				CLANG_WARN_UNGUARDED_AVAILABILITY = YES_AGGRESSIVE;
				CLANG_WARN_UNREACHABLE_CODE = YES;
				CLANG_WARN__DUPLICATE_METHOD_MATCH = YES;
				COPY_PHASE_STRIP = NO;
				DEBUG_INFORMATION_FORMAT = dwarf;
				ENABLE_STRICT_OBJC_MSGSEND = YES;
				ENABLE_TESTABILITY = YES;
				ENABLE_USER_SCRIPT_SANDBOXING = YES;
				GCC_C_LANGUAGE_STANDARD = gnu17;
				GCC_DYNAMIC_NO_PIC = NO;
				GCC_NO_COMMON_BLOCKS = YES;
				GCC_OPTIMIZATION_LEVEL = 0;
				GCC_PREPROCESSOR_DEFINITIONS = (
					"DEBUG=1",
					"$(inherited)",
				);
				GCC_WARN_64_TO_32_BIT_CONVERSION = YES;
				GCC_WARN_ABOUT_RETURN_TYPE = YES_ERROR;
				GCC_WARN_UNDECLARED_SELECTOR = YES;
				GCC_WARN_UNINITIALIZED_AUTOS = YES_AGGRESSIVE;
				GCC_WARN_UNUSED_FUNCTION = YES;
				GCC_WARN_UNUSED_VARIABLE = YES;
				IPHONEOS_DEPLOYMENT_TARGET = 17.5;
				LOCALIZATION_PREFERS_STRING_CATALOGS = YES;
				MTL_ENABLE_DEBUG_INFO = INCLUDE_SOURCE;
				MTL_FAST_MATH = YES;
				ONLY_ACTIVE_ARCH = YES;
				SDKROOT = iphoneos;
				SWIFT_ACTIVE_COMPILATION_CONDITIONS = "DEBUG $(inherited)";
				SWIFT_OPTIMIZATION_LEVEL = "-Onone";
			};
			name = Development;
		};
		383EEE902CF73AA700037FAF /* Development */ = {
			isa = XCBuildConfiguration;
			buildSettings = {
				ASSETCATALOG_COMPILER_APPICON_NAME = AppIcon;
				ASSETCATALOG_COMPILER_GLOBAL_ACCENT_COLOR_NAME = AccentColor;
				CODE_SIGN_STYLE = Automatic;
				CURRENT_PROJECT_VERSION = 1;
				DEVELOPMENT_ASSET_PATHS = "\"Ebuddy-Test/Preview Content\"";
				DEVELOPMENT_TEAM = T84FHM7BL8;
				ENABLE_PREVIEWS = YES;
				GENERATE_INFOPLIST_FILE = YES;
				INFOPLIST_KEY_UIApplicationSceneManifest_Generation = YES;
				INFOPLIST_KEY_UIApplicationSupportsIndirectInputEvents = YES;
				INFOPLIST_KEY_UILaunchScreen_Generation = YES;
				INFOPLIST_KEY_UISupportedInterfaceOrientations = UIInterfaceOrientationPortrait;
				LD_RUNPATH_SEARCH_PATHS = (
					"$(inherited)",
					"@executable_path/Frameworks",
				);
				MARKETING_VERSION = 1.0;
				PRODUCT_BUNDLE_IDENTIFIER = "info.ardyan.ebuddy-test";
				PRODUCT_NAME = "$(TARGET_NAME)";
				SUPPORTED_PLATFORMS = "iphoneos iphonesimulator";
				SUPPORTS_MACCATALYST = NO;
				SUPPORTS_MAC_DESIGNED_FOR_IPHONE_IPAD = NO;
				SUPPORTS_XR_DESIGNED_FOR_IPHONE_IPAD = NO;
				SWIFT_EMIT_LOC_STRINGS = YES;
				SWIFT_VERSION = 5.0;
				TARGETED_DEVICE_FAMILY = 1;
			};
			name = Development;
		};
		3896BFC82CFB38E100DFEFC7 /* Staging */ = {
			isa = XCBuildConfiguration;
			buildSettings = {
				ALWAYS_SEARCH_USER_PATHS = NO;
				ASSETCATALOG_COMPILER_GENERATE_SWIFT_ASSET_SYMBOL_EXTENSIONS = YES;
				CLANG_ANALYZER_NONNULL = YES;
				CLANG_ANALYZER_NUMBER_OBJECT_CONVERSION = YES_AGGRESSIVE;
				CLANG_CXX_LANGUAGE_STANDARD = "gnu++20";
				CLANG_ENABLE_MODULES = YES;
				CLANG_ENABLE_OBJC_ARC = YES;
				CLANG_ENABLE_OBJC_WEAK = YES;
				CLANG_WARN_BLOCK_CAPTURE_AUTORELEASING = YES;
				CLANG_WARN_BOOL_CONVERSION = YES;
				CLANG_WARN_COMMA = YES;
				CLANG_WARN_CONSTANT_CONVERSION = YES;
				CLANG_WARN_DEPRECATED_OBJC_IMPLEMENTATIONS = YES;
				CLANG_WARN_DIRECT_OBJC_ISA_USAGE = YES_ERROR;
				CLANG_WARN_DOCUMENTATION_COMMENTS = YES;
				CLANG_WARN_EMPTY_BODY = YES;
				CLANG_WARN_ENUM_CONVERSION = YES;
				CLANG_WARN_INFINITE_RECURSION = YES;
				CLANG_WARN_INT_CONVERSION = YES;
				CLANG_WARN_NON_LITERAL_NULL_CONVERSION = YES;
				CLANG_WARN_OBJC_IMPLICIT_RETAIN_SELF = YES;
				CLANG_WARN_OBJC_LITERAL_CONVERSION = YES;
				CLANG_WARN_OBJC_ROOT_CLASS = YES_ERROR;
				CLANG_WARN_QUOTED_INCLUDE_IN_FRAMEWORK_HEADER = YES;
				CLANG_WARN_RANGE_LOOP_ANALYSIS = YES;
				CLANG_WARN_STRICT_PROTOTYPES = YES;
				CLANG_WARN_SUSPICIOUS_MOVE = YES;
				CLANG_WARN_UNGUARDED_AVAILABILITY = YES_AGGRESSIVE;
				CLANG_WARN_UNREACHABLE_CODE = YES;
				CLANG_WARN__DUPLICATE_METHOD_MATCH = YES;
				COPY_PHASE_STRIP = NO;
				DEBUG_INFORMATION_FORMAT = dwarf;
				ENABLE_STRICT_OBJC_MSGSEND = YES;
				ENABLE_TESTABILITY = YES;
				ENABLE_USER_SCRIPT_SANDBOXING = YES;
				GCC_C_LANGUAGE_STANDARD = gnu17;
				GCC_DYNAMIC_NO_PIC = NO;
				GCC_NO_COMMON_BLOCKS = YES;
				GCC_OPTIMIZATION_LEVEL = 0;
				GCC_PREPROCESSOR_DEFINITIONS = (
					"DEBUG=1",
					"$(inherited)",
				);
				GCC_WARN_64_TO_32_BIT_CONVERSION = YES;
				GCC_WARN_ABOUT_RETURN_TYPE = YES_ERROR;
				GCC_WARN_UNDECLARED_SELECTOR = YES;
				GCC_WARN_UNINITIALIZED_AUTOS = YES_AGGRESSIVE;
				GCC_WARN_UNUSED_FUNCTION = YES;
				GCC_WARN_UNUSED_VARIABLE = YES;
				IPHONEOS_DEPLOYMENT_TARGET = 17.5;
				LOCALIZATION_PREFERS_STRING_CATALOGS = YES;
				MTL_ENABLE_DEBUG_INFO = INCLUDE_SOURCE;
				MTL_FAST_MATH = YES;
				ONLY_ACTIVE_ARCH = YES;
				SDKROOT = iphoneos;
				SWIFT_ACTIVE_COMPILATION_CONDITIONS = "DEBUG $(inherited)";
				SWIFT_OPTIMIZATION_LEVEL = "-Onone";
			};
			name = Staging;
		};
		3896BFC92CFB38E100DFEFC7 /* Staging */ = {
			isa = XCBuildConfiguration;
			buildSettings = {
				ASSETCATALOG_COMPILER_APPICON_NAME = AppIcon;
				ASSETCATALOG_COMPILER_GLOBAL_ACCENT_COLOR_NAME = AccentColor;
				CODE_SIGN_STYLE = Automatic;
				CURRENT_PROJECT_VERSION = 1;
				DEVELOPMENT_ASSET_PATHS = "\"Ebuddy-Test/Preview Content\"";
				DEVELOPMENT_TEAM = T84FHM7BL8;
				ENABLE_PREVIEWS = YES;
				GENERATE_INFOPLIST_FILE = YES;
				INFOPLIST_KEY_UIApplicationSceneManifest_Generation = YES;
				INFOPLIST_KEY_UIApplicationSupportsIndirectInputEvents = YES;
				INFOPLIST_KEY_UILaunchScreen_Generation = YES;
				INFOPLIST_KEY_UISupportedInterfaceOrientations = UIInterfaceOrientationPortrait;
				LD_RUNPATH_SEARCH_PATHS = (
					"$(inherited)",
					"@executable_path/Frameworks",
				);
				MARKETING_VERSION = 1.0;
				PRODUCT_BUNDLE_IDENTIFIER = "info.ardyan.ebuddy-test";
				PRODUCT_NAME = "$(TARGET_NAME)";
				SUPPORTED_PLATFORMS = "iphoneos iphonesimulator";
				SUPPORTS_MACCATALYST = NO;
				SUPPORTS_MAC_DESIGNED_FOR_IPHONE_IPAD = NO;
				SUPPORTS_XR_DESIGNED_FOR_IPHONE_IPAD = NO;
				SWIFT_EMIT_LOC_STRINGS = YES;
				SWIFT_VERSION = 5.0;
				TARGETED_DEVICE_FAMILY = 1;
			};
			name = Staging;
		};
/* End XCBuildConfiguration section */

/* Begin XCConfigurationList section */
		383EEE7C2CF73AA500037FAF /* Build configuration list for PBXProject "Ebuddy-Test" */ = {
			isa = XCConfigurationList;
			buildConfigurations = (
				383EEE8D2CF73AA700037FAF /* Development */,
				3896BFC82CFB38E100DFEFC7 /* Staging */,
			);
			defaultConfigurationIsVisible = 0;
			defaultConfigurationName = Development;
		};
		383EEE8F2CF73AA700037FAF /* Build configuration list for PBXNativeTarget "Ebuddy-Test" */ = {
			isa = XCConfigurationList;
			buildConfigurations = (
				383EEE902CF73AA700037FAF /* Development */,
				3896BFC92CFB38E100DFEFC7 /* Staging */,
			);
			defaultConfigurationIsVisible = 0;
			defaultConfigurationName = Development;
		};
/* End XCConfigurationList section */

/* Begin XCRemoteSwiftPackageReference section */
		3896BFC12CFB34A700DFEFC7 /* XCRemoteSwiftPackageReference "firebase-ios-sdk" */ = {
			isa = XCRemoteSwiftPackageReference;
			repositoryURL = "https://github.com/firebase/firebase-ios-sdk";
			requirement = {
				kind = upToNextMajorVersion;
				minimumVersion = 11.5.0;
			};
		};
/* End XCRemoteSwiftPackageReference section */

/* Begin XCSwiftPackageProductDependency section */
		3896BFC22CFB34A700DFEFC7 /* FirebaseAuth */ = {
			isa = XCSwiftPackageProductDependency;
			package = 3896BFC12CFB34A700DFEFC7 /* XCRemoteSwiftPackageReference "firebase-ios-sdk" */;
			productName = FirebaseAuth;
		};
		3896BFC42CFB34A700DFEFC7 /* FirebaseFirestore */ = {
			isa = XCSwiftPackageProductDependency;
			package = 3896BFC12CFB34A700DFEFC7 /* XCRemoteSwiftPackageReference "firebase-ios-sdk" */;
			productName = FirebaseFirestore;
		};
		3896BFC62CFB34A700DFEFC7 /* FirebaseStorage */ = {
			isa = XCSwiftPackageProductDependency;
			package = 3896BFC12CFB34A700DFEFC7 /* XCRemoteSwiftPackageReference "firebase-ios-sdk" */;
			productName = FirebaseStorage;
		};
/* End XCSwiftPackageProductDependency section */
	};
	rootObject = 383EEE792CF73AA500037FAF /* Project object */;
}
